{
    "requires": true,
    "lockfileVersion": 1,
    "dependencies": {
        "@fullcalendar/common": {
            "version": "5.5.0",
            "resolved": "https://registry.npmjs.org/@fullcalendar/common/-/common-5.5.0.tgz",
            "integrity": "sha512-xHsHRI2xnC4vDPdRaOkt03SGIEsmlcSTI6RVInI2PQKi3n4otgM4ej3WL4B010uT4IzrBlUvNm8HHEo/o3g8Ug==",
            "requires": {
                "ical.js": "^1.4.0",
                "tslib": "^2.0.3"
            }
        },
        "@fullcalendar/core": {
            "version": "5.5.0",
            "resolved": "https://registry.npmjs.org/@fullcalendar/core/-/core-5.5.0.tgz",
            "integrity": "sha512-NHyrH6AP1zRRCWsK0NuY/bZFQes1UaGB2pukMv86A0Yq1BI7Y7m9u/yH7D0/ZCaNkCLVxrSlIwAOtMQxPPITdg==",
            "requires": {
                "@fullcalendar/common": "~5.5.0",
                "preact": "^10.0.5",
                "tslib": "^2.0.3"
            }
        },
        "@fullcalendar/daygrid": {
            "version": "5.5.0",
            "resolved": "https://registry.npmjs.org/@fullcalendar/daygrid/-/daygrid-5.5.0.tgz",
            "integrity": "sha512-O/59C3ihElLsPnkjlD1xUgAf3v7WEARXVO+wZfASKtK14Ccux2MA9mWUA1+80m9q8on7SYL36ORhrea7GKy/qQ==",
            "requires": {
                "@fullcalendar/common": "~5.5.0",
                "tslib": "^2.0.3"
            }
        },
        "@fullcalendar/vue": {
            "version": "5.5.0",
            "resolved": "https://registry.npmjs.org/@fullcalendar/vue/-/vue-5.5.0.tgz",
            "integrity": "sha512-CLqUyEc1OvPSmYl8zA92WZktoHZvDN3q58f4g91IOcjTWsBP3fVie9eOVFN6OxHTwQ9nekvnC0Y/fM4OFZJ1hQ==",
            "requires": {
                "@fullcalendar/core": "~5.5.0",
                "tslib": "^2.0.3"
            }
        },
        "axios": {
            "version": "0.21.1",
            "resolved": "https://registry.npmjs.org/axios/-/axios-0.21.1.tgz",
            "integrity": "sha512-dKQiRHxGD9PPRIUNIWvZhPTPpl1rf/OxTYKsqKUDjBwYylTvV7SjSHJb9ratfyzM6wCdLCOYLzs73qpg5c4iGA==",
            "dev": true,
            "requires": {
                "follow-redirects": "^1.10.0"
            }
        },
        "follow-redirects": {
            "version": "1.13.1",
            "resolved": "https://registry.npmjs.org/follow-redirects/-/follow-redirects-1.13.1.tgz",
            "integrity": "sha512-SSG5xmZh1mkPGyKzjZP8zLjltIfpW32Y5QpdNJyjcfGxK3qo3NDDkZOZSFiGn1A6SclQxY9GzEwAHQ3dmYRWpg==",
            "dev": true
        },
        "ical.js": {
            "version": "1.4.0",
            "resolved": "https://registry.npmjs.org/ical.js/-/ical.js-1.4.0.tgz",
            "integrity": "sha512-ltHZuOFNNjcyEYbzDgjemS7LWIFh2vydJeznxQHUh3dnarbxqOYsWONYteBVAq1MEOHnwXFGN2eskZReHclnrA=="
        },
        "preact": {
            "version": "10.5.9",
            "resolved": "https://registry.npmjs.org/preact/-/preact-10.5.9.tgz",
            "integrity": "sha512-X4m+4VMVINl/JFQKALOCwa3p8vhMAhBvle0hJ/W44w/WWfNb2TA7RNicDV3K2dNVs57f61GviEnVLiwN+fxiIg=="
        },
        "tslib": {
            "version": "2.1.0",
            "resolved": "https://registry.npmjs.org/tslib/-/tslib-2.1.0.tgz",
            "integrity": "sha512-hcVC3wYEziELGGmEEXue7D75zbwIIVUMWAVbHItGPx0ziyXxrOMQx4rQEVEV45Ut/1IotuEvwqPopzIOkDMf0A=="
        },
        "vue-axios": {
            "version": "3.2.2",
            "resolved": "https://registry.npmjs.org/vue-axios/-/vue-axios-3.2.2.tgz",
            "integrity": "sha512-kRhbZOOp9p+iEB46mtC7tfwYlvmycLUsdNUjC+24So6PkhK9VathdEP0d5OcR2QDb/Z+JNTs4i8DzJEGbx9zOg=="
        }
    }
}
